// !$*UTF8*$!
{
	archiveVersion = 1;
	classes = {
	};
	objectVersion = 56;
	objects = {

/* Begin PBXBuildFile section */
		E98B8AD02B33332A00EC4FFB /* AppDelegate.swift in Sources */ = {isa = PBXBuildFile; fileRef = E98B8ACF2B33332A00EC4FFB /* AppDelegate.swift */; };
		E98B8AD22B33332A00EC4FFB /* SceneDelegate.swift in Sources */ = {isa = PBXBuildFile; fileRef = E98B8AD12B33332A00EC4FFB /* SceneDelegate.swift */; };
		E98B8AD42B33332A00EC4FFB /* ViewController.swift in Sources */ = {isa = PBXBuildFile; fileRef = E98B8AD32B33332A00EC4FFB /* ViewController.swift */; };
		E98B8AD72B33332A00EC4FFB /* Main.storyboard in Resources */ = {isa = PBXBuildFile; fileRef = E98B8AD52B33332A00EC4FFB /* Main.storyboard */; };
		E98B8AD92B33332B00EC4FFB /* Assets.xcassets in Resources */ = {isa = PBXBuildFile; fileRef = E98B8AD82B33332B00EC4FFB /* Assets.xcassets */; };
		E98B8ADC2B33332B00EC4FFB /* LaunchScreen.storyboard in Resources */ = {isa = PBXBuildFile; fileRef = E98B8ADA2B33332B00EC4FFB /* LaunchScreen.storyboard */; };
		E98B8AE72B33332C00EC4FFB /* EyesTests.swift in Sources */ = {isa = PBXBuildFile; fileRef = E98B8AE62B33332C00EC4FFB /* EyesTests.swift */; };
		E98B8AF12B33332C00EC4FFB /* EyesUITests.swift in Sources */ = {isa = PBXBuildFile; fileRef = E98B8AF02B33332C00EC4FFB /* EyesUITests.swift */; };
		E98B8AF32B33332C00EC4FFB /* EyesUITestsLaunchTests.swift in Sources */ = {isa = PBXBuildFile; fileRef = E98B8AF22B33332C00EC4FFB /* EyesUITestsLaunchTests.swift */; };
/* End PBXBuildFile section */

/* Begin PBXContainerItemProxy section */
		E98B8AE32B33332C00EC4FFB /* PBXContainerItemProxy */ = {
			isa = PBXContainerItemProxy;
			containerPortal = E98B8AC42B33332900EC4FFB /* Project object */;
			proxyType = 1;
			remoteGlobalIDString = E98B8ACB2B33332A00EC4FFB;
			remoteInfo = Eyes;
		};
		E98B8AED2B33332C00EC4FFB /* PBXContainerItemProxy */ = {
			isa = PBXContainerItemProxy;
			containerPortal = E98B8AC42B33332900EC4FFB /* Project object */;
			proxyType = 1;
			remoteGlobalIDString = E98B8ACB2B33332A00EC4FFB;
			remoteInfo = Eyes;
		};
/* End PBXContainerItemProxy section */

/* Begin PBXFileReference section */
		E98B8ACC2B33332A00EC4FFB /* Eyes.app */ = {isa = PBXFileReference; explicitFileType = wrapper.application; includeInIndex = 0; path = Eyes.app; sourceTree = BUILT_PRODUCTS_DIR; };
		E98B8ACF2B33332A00EC4FFB /* AppDelegate.swift */ = {isa = PBXFileReference; lastKnownFileType = sourcecode.swift; path = AppDelegate.swift; sourceTree = "<group>"; };
		E98B8AD12B33332A00EC4FFB /* SceneDelegate.swift */ = {isa = PBXFileReference; lastKnownFileType = sourcecode.swift; path = SceneDelegate.swift; sourceTree = "<group>"; };
		E98B8AD32B33332A00EC4FFB /* ViewController.swift */ = {isa = PBXFileReference; lastKnownFileType = sourcecode.swift; path = ViewController.swift; sourceTree = "<group>"; };
		E98B8AD62B33332A00EC4FFB /* Base */ = {isa = PBXFileReference; lastKnownFileType = file.storyboard; name = Base; path = Base.lproj/Main.storyboard; sourceTree = "<group>"; };
		E98B8AD82B33332B00EC4FFB /* Assets.xcassets */ = {isa = PBXFileReference; lastKnownFileType = folder.assetcatalog; path = Assets.xcassets; sourceTree = "<group>"; };
		E98B8ADB2B33332B00EC4FFB /* Base */ = {isa = PBXFileReference; lastKnownFileType = file.storyboard; name = Base; path = Base.lproj/LaunchScreen.storyboard; sourceTree = "<group>"; };
		E98B8ADD2B33332B00EC4FFB /* Info.plist */ = {isa = PBXFileReference; lastKnownFileType = text.plist.xml; path = Info.plist; sourceTree = "<group>"; };
		E98B8AE22B33332C00EC4FFB /* EyesTests.xctest */ = {isa = PBXFileReference; explicitFileType = wrapper.cfbundle; includeInIndex = 0; path = EyesTests.xctest; sourceTree = BUILT_PRODUCTS_DIR; };
		E98B8AE62B33332C00EC4FFB /* EyesTests.swift */ = {isa = PBXFileReference; lastKnownFileType = sourcecode.swift; path = EyesTests.swift; sourceTree = "<group>"; };
		E98B8AEC2B33332C00EC4FFB /* EyesUITests.xctest */ = {isa = PBXFileReference; explicitFileType = wrapper.cfbundle; includeInIndex = 0; path = EyesUITests.xctest; sourceTree = BUILT_PRODUCTS_DIR; };
		E98B8AF02B33332C00EC4FFB /* EyesUITests.swift */ = {isa = PBXFileReference; lastKnownFileType = sourcecode.swift; path = EyesUITests.swift; sourceTree = "<group>"; };
		E98B8AF22B33332C00EC4FFB /* EyesUITestsLaunchTests.swift */ = {isa = PBXFileReference; lastKnownFileType = sourcecode.swift; path = EyesUITestsLaunchTests.swift; sourceTree = "<group>"; };
/* End PBXFileReference section */

/* Begin PBXFrameworksBuildPhase section */
		E98B8AC92B33332A00EC4FFB /* Frameworks */ = {
			isa = PBXFrameworksBuildPhase;
			buildActionMask = 2147483647;
			files = (
			);
			runOnlyForDeploymentPostprocessing = 0;
		};
		E98B8ADF2B33332C00EC4FFB /* Frameworks */ = {
			isa = PBXFrameworksBuildPhase;
			buildActionMask = 2147483647;
			files = (
			);
			runOnlyForDeploymentPostprocessing = 0;
		};
		E98B8AE92B33332C00EC4FFB /* Frameworks */ = {
			isa = PBXFrameworksBuildPhase;
			buildActionMask = 2147483647;
			files = (
			);
			runOnlyForDeploymentPostprocessing = 0;
		};
/* End PBXFrameworksBuildPhase section */

/* Begin PBXGroup section */
		E98B8AC32B33332900EC4FFB = {
			isa = PBXGroup;
			children = (
				E98B8ACE2B33332A00EC4FFB /* Eyes */,
				E98B8AE52B33332C00EC4FFB /* EyesTests */,
				E98B8AEF2B33332C00EC4FFB /* EyesUITests */,
				E98B8ACD2B33332A00EC4FFB /* Products */,
			);
			sourceTree = "<group>";
		};
		E98B8ACD2B33332A00EC4FFB /* Products */ = {
			isa = PBXGroup;
			children = (
				E98B8ACC2B33332A00EC4FFB /* Eyes.app */,
				E98B8AE22B33332C00EC4FFB /* EyesTests.xctest */,
				E98B8AEC2B33332C00EC4FFB /* EyesUITests.xctest */,
			);
			name = Products;
			sourceTree = "<group>";
		};
		E98B8ACE2B33332A00EC4FFB /* Eyes */ = {
			isa = PBXGroup;
			children = (
				E98B8ACF2B33332A00EC4FFB /* AppDelegate.swift */,
				E98B8AD12B33332A00EC4FFB /* SceneDelegate.swift */,
				E98B8AD32B33332A00EC4FFB /* ViewController.swift */,
				E98B8AD52B33332A00EC4FFB /* Main.storyboard */,
				E98B8AD82B33332B00EC4FFB /* Assets.xcassets */,
				E98B8ADA2B33332B00EC4FFB /* LaunchScreen.storyboard */,
				E98B8ADD2B33332B00EC4FFB /* Info.plist */,
			);
			path = Eyes;
			sourceTree = "<group>";
		};
		E98B8AE52B33332C00EC4FFB /* EyesTests */ = {
			isa = PBXGroup;
			children = (
				E98B8AE62B33332C00EC4FFB /* EyesTests.swift */,
			);
			path = EyesTests;
			sourceTree = "<group>";
		};
		E98B8AEF2B33332C00EC4FFB /* EyesUITests */ = {
			isa = PBXGroup;
			children = (
				E98B8AF02B33332C00EC4FFB /* EyesUITests.swift */,
				E98B8AF22B33332C00EC4FFB /* EyesUITestsLaunchTests.swift */,
			);
			path = EyesUITests;
			sourceTree = "<group>";
		};
/* End PBXGroup section */

/* Begin PBXNativeTarget section */
		E98B8ACB2B33332A00EC4FFB /* Eyes */ = {
			isa = PBXNativeTarget;
			buildConfigurationList = E98B8AF62B33332C00EC4FFB /* Build configuration list for PBXNativeTarget "Eyes" */;
			buildPhases = (
				E98B8AC82B33332A00EC4FFB /* Sources */,
				E98B8AC92B33332A00EC4FFB /* Frameworks */,
				E98B8ACA2B33332A00EC4FFB /* Resources */,
			);
			buildRules = (
			);
			dependencies = (
			);
			name = Eyes;
			productName = Eyes;
			productReference = E98B8ACC2B33332A00EC4FFB /* Eyes.app */;
			productType = "com.apple.product-type.application";
		};
		E98B8AE12B33332C00EC4FFB /* EyesTests */ = {
			isa = PBXNativeTarget;
			buildConfigurationList = E98B8AF92B33332C00EC4FFB /* Build configuration list for PBXNativeTarget "EyesTests" */;
			buildPhases = (
				E98B8ADE2B33332C00EC4FFB /* Sources */,
				E98B8ADF2B33332C00EC4FFB /* Frameworks */,
				E98B8AE02B33332C00EC4FFB /* Resources */,
			);
			buildRules = (
			);
			dependencies = (
				E98B8AE42B33332C00EC4FFB /* PBXTargetDependency */,
			);
			name = EyesTests;
			productName = EyesTests;
			productReference = E98B8AE22B33332C00EC4FFB /* EyesTests.xctest */;
			productType = "com.apple.product-type.bundle.unit-test";
		};
		E98B8AEB2B33332C00EC4FFB /* EyesUITests */ = {
			isa = PBXNativeTarget;
			buildConfigurationList = E98B8AFC2B33332C00EC4FFB /* Build configuration list for PBXNativeTarget "EyesUITests" */;
			buildPhases = (
				E98B8AE82B33332C00EC4FFB /* Sources */,
				E98B8AE92B33332C00EC4FFB /* Frameworks */,
				E98B8AEA2B33332C00EC4FFB /* Resources */,
			);
			buildRules = (
			);
			dependencies = (
				E98B8AEE2B33332C00EC4FFB /* PBXTargetDependency */,
			);
			name = EyesUITests;
			productName = EyesUITests;
			productReference = E98B8AEC2B33332C00EC4FFB /* EyesUITests.xctest */;
			productType = "com.apple.product-type.bundle.ui-testing";
		};
/* End PBXNativeTarget section */

/* Begin PBXProject section */
		E98B8AC42B33332900EC4FFB /* Project object */ = {
			isa = PBXProject;
			attributes = {
				BuildIndependentTargetsInParallel = 1;
				LastSwiftUpdateCheck = 1500;
				LastUpgradeCheck = 1500;
				TargetAttributes = {
					E98B8ACB2B33332A00EC4FFB = {
						CreatedOnToolsVersion = 15.0.1;
					};
					E98B8AE12B33332C00EC4FFB = {
						CreatedOnToolsVersion = 15.0.1;
						TestTargetID = E98B8ACB2B33332A00EC4FFB;
					};
					E98B8AEB2B33332C00EC4FFB = {
						CreatedOnToolsVersion = 15.0.1;
						TestTargetID = E98B8ACB2B33332A00EC4FFB;
					};
				};
			};
			buildConfigurationList = E98B8AC72B33332900EC4FFB /* Build configuration list for PBXProject "Eyes" */;
			compatibilityVersion = "Xcode 14.0";
			developmentRegion = en;
			hasScannedForEncodings = 0;
			knownRegions = (
				en,
				Base,
			);
			mainGroup = E98B8AC32B33332900EC4FFB;
			productRefGroup = E98B8ACD2B33332A00EC4FFB /* Products */;
			projectDirPath = "";
			projectRoot = "";
			targets = (
				E98B8ACB2B33332A00EC4FFB /* Eyes */,
				E98B8AE12B33332C00EC4FFB /* EyesTests */,
				E98B8AEB2B33332C00EC4FFB /* EyesUITests */,
			);
		};
/* End PBXProject section */

/* Begin PBXResourcesBuildPhase section */
		E98B8ACA2B33332A00EC4FFB /* Resources */ = {
			isa = PBXResourcesBuildPhase;
			buildActionMask = 2147483647;
			files = (
				E98B8ADC2B33332B00EC4FFB /* LaunchScreen.storyboard in Resources */,
				E98B8AD92B33332B00EC4FFB /* Assets.xcassets in Resources */,
				E98B8AD72B33332A00EC4FFB /* Main.storyboard in Resources */,
			);
			runOnlyForDeploymentPostprocessing = 0;
		};
		E98B8AE02B33332C00EC4FFB /* Resources */ = {
			isa = PBXResourcesBuildPhase;
			buildActionMask = 2147483647;
			files = (
			);
			runOnlyForDeploymentPostprocessing = 0;
		};
		E98B8AEA2B33332C00EC4FFB /* Resources */ = {
			isa = PBXResourcesBuildPhase;
			buildActionMask = 2147483647;
			files = (
			);
			runOnlyForDeploymentPostprocessing = 0;
		};
/* End PBXResourcesBuildPhase section */

/* Begin PBXSourcesBuildPhase section */
		E98B8AC82B33332A00EC4FFB /* Sources */ = {
			isa = PBXSourcesBuildPhase;
			buildActionMask = 2147483647;
			files = (
				E98B8AD42B33332A00EC4FFB /* ViewController.swift in Sources */,
				E98B8AD02B33332A00EC4FFB /* AppDelegate.swift in Sources */,
				E98B8AD22B33332A00EC4FFB /* SceneDelegate.swift in Sources */,
			);
			runOnlyForDeploymentPostprocessing = 0;
		};
		E98B8ADE2B33332C00EC4FFB /* Sources */ = {
			isa = PBXSourcesBuildPhase;
			buildActionMask = 2147483647;
			files = (
				E98B8AE72B33332C00EC4FFB /* EyesTests.swift in Sources */,
			);
			runOnlyForDeploymentPostprocessing = 0;
		};
		E98B8AE82B33332C00EC4FFB /* Sources */ = {
			isa = PBXSourcesBuildPhase;
			buildActionMask = 2147483647;
			files = (
				E98B8AF32B33332C00EC4FFB /* EyesUITestsLaunchTests.swift in Sources */,
				E98B8AF12B33332C00EC4FFB /* EyesUITests.swift in Sources */,
			);
			runOnlyForDeploymentPostprocessing = 0;
		};
/* End PBXSourcesBuildPhase section */

/* Begin PBXTargetDependency section */
		E98B8AE42B33332C00EC4FFB /* PBXTargetDependency */ = {
			isa = PBXTargetDependency;
			target = E98B8ACB2B33332A00EC4FFB /* Eyes */;
			targetProxy = E98B8AE32B33332C00EC4FFB /* PBXContainerItemProxy */;
		};
		E98B8AEE2B33332C00EC4FFB /* PBXTargetDependency */ = {
			isa = PBXTargetDependency;
			target = E98B8ACB2B33332A00EC4FFB /* Eyes */;
			targetProxy = E98B8AED2B33332C00EC4FFB /* PBXContainerItemProxy */;
		};
/* End PBXTargetDependency section */

/* Begin PBXVariantGroup section */
		E98B8AD52B33332A00EC4FFB /* Main.storyboard */ = {
			isa = PBXVariantGroup;
			children = (
				E98B8AD62B33332A00EC4FFB /* Base */,
			);
			name = Main.storyboard;
			sourceTree = "<group>";
		};
		E98B8ADA2B33332B00EC4FFB /* LaunchScreen.storyboard */ = {
			isa = PBXVariantGroup;
			children = (
				E98B8ADB2B33332B00EC4FFB /* Base */,
			);
			name = LaunchScreen.storyboard;
			sourceTree = "<group>";
		};
/* End PBXVariantGroup section */

/* Begin XCBuildConfiguration section */
		E98B8AF42B33332C00EC4FFB /* Debug */ = {
			isa = XCBuildConfiguration;
			buildSettings = {
				ALWAYS_SEARCH_USER_PATHS = NO;
				ASSETCATALOG_COMPILER_GENERATE_SWIFT_ASSET_SYMBOL_EXTENSIONS = YES;
				CLANG_ANALYZER_NONNULL = YES;
				CLANG_ANALYZER_NUMBER_OBJECT_CONVERSION = YES_AGGRESSIVE;
				CLANG_CXX_LANGUAGE_STANDARD = "gnu++20";
				CLANG_ENABLE_MODULES = YES;
				CLANG_ENABLE_OBJC_ARC = YES;
				CLANG_ENABLE_OBJC_WEAK = YES;
				CLANG_WARN_BLOCK_CAPTURE_AUTORELEASING = YES;
				CLANG_WARN_BOOL_CONVERSION = YES;
				CLANG_WARN_COMMA = YES;
				CLANG_WARN_CONSTANT_CONVERSION = YES;
				CLANG_WARN_DEPRECATED_OBJC_IMPLEMENTATIONS = YES;
				CLANG_WARN_DIRECT_OBJC_ISA_USAGE = YES_ERROR;
				CLANG_WARN_DOCUMENTATION_COMMENTS = YES;
				CLANG_WARN_EMPTY_BODY = YES;
				CLANG_WARN_ENUM_CONVERSION = YES;
				CLANG_WARN_INFINITE_RECURSION = YES;
				CLANG_WARN_INT_CONVERSION = YES;
				CLANG_WARN_NON_LITERAL_NULL_CONVERSION = YES;
				CLANG_WARN_OBJC_IMPLICIT_RETAIN_SELF = YES;
				CLANG_WARN_OBJC_LITERAL_CONVERSION = YES;
				CLANG_WARN_OBJC_ROOT_CLASS = YES_ERROR;
				CLANG_WARN_QUOTED_INCLUDE_IN_FRAMEWORK_HEADER = YES;
				CLANG_WARN_RANGE_LOOP_ANALYSIS = YES;
				CLANG_WARN_STRICT_PROTOTYPES = YES;
				CLANG_WARN_SUSPICIOUS_MOVE = YES;
				CLANG_WARN_UNGUARDED_AVAILABILITY = YES_AGGRESSIVE;
				CLANG_WARN_UNREACHABLE_CODE = YES;
				CLANG_WARN__DUPLICATE_METHOD_MATCH = YES;
				COPY_PHASE_STRIP = NO;
				DEBUG_INFORMATION_FORMAT = dwarf;
				ENABLE_STRICT_OBJC_MSGSEND = YES;
				ENABLE_TESTABILITY = YES;
				ENABLE_USER_SCRIPT_SANDBOXING = YES;
				GCC_C_LANGUAGE_STANDARD = gnu17;
				GCC_DYNAMIC_NO_PIC = NO;
				GCC_NO_COMMON_BLOCKS = YES;
				GCC_OPTIMIZATION_LEVEL = 0;
				GCC_PREPROCESSOR_DEFINITIONS = (
					"DEBUG=1",
					"$(inherited)",
				);
				GCC_WARN_64_TO_32_BIT_CONVERSION = YES;
				GCC_WARN_ABOUT_RETURN_TYPE = YES_ERROR;
				GCC_WARN_UNDECLARED_SELECTOR = YES;
				GCC_WARN_UNINITIALIZED_AUTOS = YES_AGGRESSIVE;
				GCC_WARN_UNUSED_FUNCTION = YES;
				GCC_WARN_UNUSED_VARIABLE = YES;
				IPHONEOS_DEPLOYMENT_TARGET = 17.0;
				LOCALIZATION_PREFERS_STRING_CATALOGS = YES;
				MTL_ENABLE_DEBUG_INFO = INCLUDE_SOURCE;
				MTL_FAST_MATH = YES;
				ONLY_ACTIVE_ARCH = YES;
				SDKROOT = iphoneos;
				SWIFT_ACTIVE_COMPILATION_CONDITIONS = "DEBUG $(inherited)";
				SWIFT_OPTIMIZATION_LEVEL = "-Onone";
			};
			name = Debug;
		};
		E98B8AF52B33332C00EC4FFB /* Release */ = {
			isa = XCBuildConfiguration;
			buildSettings = {
				ALWAYS_SEARCH_USER_PATHS = NO;
				ASSETCATALOG_COMPILER_GENERATE_SWIFT_ASSET_SYMBOL_EXTENSIONS = YES;
				CLANG_ANALYZER_NONNULL = YES;
				CLANG_ANALYZER_NUMBER_OBJECT_CONVERSION = YES_AGGRESSIVE;
				CLANG_CXX_LANGUAGE_STANDARD = "gnu++20";
				CLANG_ENABLE_MODULES = YES;
				CLANG_ENABLE_OBJC_ARC = YES;
				CLANG_ENABLE_OBJC_WEAK = YES;
				CLANG_WARN_BLOCK_CAPTURE_AUTORELEASING = YES;
				CLANG_WARN_BOOL_CONVERSION = YES;
				CLANG_WARN_COMMA = YES;
				CLANG_WARN_CONSTANT_CONVERSION = YES;
				CLANG_WARN_DEPRECATED_OBJC_IMPLEMENTATIONS = YES;
				CLANG_WARN_DIRECT_OBJC_ISA_USAGE = YES_ERROR;
				CLANG_WARN_DOCUMENTATION_COMMENTS = YES;
				CLANG_WARN_EMPTY_BODY = YES;
				CLANG_WARN_ENUM_CONVERSION = YES;
				CLANG_WARN_INFINITE_RECURSION = YES;
				CLANG_WARN_INT_CONVERSION = YES;
				CLANG_WARN_NON_LITERAL_NULL_CONVERSION = YES;
				CLANG_WARN_OBJC_IMPLICIT_RETAIN_SELF = YES;
				CLANG_WARN_OBJC_LITERAL_CONVERSION = YES;
				CLANG_WARN_OBJC_ROOT_CLASS = YES_ERROR;
				CLANG_WARN_QUOTED_INCLUDE_IN_FRAMEWORK_HEADER = YES;
				CLANG_WARN_RANGE_LOOP_ANALYSIS = YES;
				CLANG_WARN_STRICT_PROTOTYPES = YES;
				CLANG_WARN_SUSPICIOUS_MOVE = YES;
				CLANG_WARN_UNGUARDED_AVAILABILITY = YES_AGGRESSIVE;
				CLANG_WARN_UNREACHABLE_CODE = YES;
				CLANG_WARN__DUPLICATE_METHOD_MATCH = YES;
				COPY_PHASE_STRIP = NO;
				DEBUG_INFORMATION_FORMAT = "dwarf-with-dsym";
				ENABLE_NS_ASSERTIONS = NO;
				ENABLE_STRICT_OBJC_MSGSEND = YES;
				ENABLE_USER_SCRIPT_SANDBOXING = YES;
				GCC_C_LANGUAGE_STANDARD = gnu17;
				GCC_NO_COMMON_BLOCKS = YES;
				GCC_WARN_64_TO_32_BIT_CONVERSION = YES;
				GCC_WARN_ABOUT_RETURN_TYPE = YES_ERROR;
				GCC_WARN_UNDECLARED_SELECTOR = YES;
				GCC_WARN_UNINITIALIZED_AUTOS = YES_AGGRESSIVE;
				GCC_WARN_UNUSED_FUNCTION = YES;
				GCC_WARN_UNUSED_VARIABLE = YES;
				IPHONEOS_DEPLOYMENT_TARGET = 17.0;
				LOCALIZATION_PREFERS_STRING_CATALOGS = YES;
				MTL_ENABLE_DEBUG_INFO = NO;
				MTL_FAST_MATH = YES;
				SDKROOT = iphoneos;
				SWIFT_COMPILATION_MODE = wholemodule;
				VALIDATE_PRODUCT = YES;
			};
			name = Release;
		};
		E98B8AF72B33332C00EC4FFB /* Debug */ = {
			isa = XCBuildConfiguration;
			buildSettings = {
				ASSETCATALOG_COMPILER_APPICON_NAME = AppIcon;
				ASSETCATALOG_COMPILER_GLOBAL_ACCENT_COLOR_NAME = AccentColor;
				CODE_SIGN_STYLE = Automatic;
				CURRENT_PROJECT_VERSION = 1;
				DEVELOPMENT_TEAM = KNQWN32P6C;
				GENERATE_INFOPLIST_FILE = YES;
				INFOPLIST_FILE = Eyes/Info.plist;
				INFOPLIST_KEY_UIApplicationSupportsIndirectInputEvents = YES;
				INFOPLIST_KEY_UILaunchStoryboardName = LaunchScreen;
				INFOPLIST_KEY_UIMainStoryboardFile = Main;
				INFOPLIST_KEY_UISupportedInterfaceOrientations_iPad = "UIInterfaceOrientationPortrait UIInterfaceOrientationPortraitUpsideDown UIInterfaceOrientationLandscapeLeft UIInterfaceOrientationLandscapeRight";
				INFOPLIST_KEY_UISupportedInterfaceOrientations_iPhone = "UIInterfaceOrientationPortrait UIInterfaceOrientationLandscapeLeft UIInterfaceOrientationLandscapeRight";
				LD_RUNPATH_SEARCH_PATHS = (
					"$(inherited)",
					"@executable_path/Frameworks",
				);
				MARKETING_VERSION = 1.0;
				PRODUCT_BUNDLE_IDENTIFIER = An.Eyes;
				PRODUCT_NAME = "$(TARGET_NAME)";
				SWIFT_EMIT_LOC_STRINGS = YES;
				SWIFT_VERSION = 5.0;
				TARGETED_DEVICE_FAMILY = "1,2";
			};
			name = Debug;
		};
		E98B8AF82B33332C00EC4FFB /* Release */ = {
			isa = XCBuildConfiguration;
			buildSettings = {
				ASSETCATALOG_COMPILER_APPICON_NAME = AppIcon;
				ASSETCATALOG_COMPILER_GLOBAL_ACCENT_COLOR_NAME = AccentColor;
				CODE_SIGN_STYLE = Automatic;
				CURRENT_PROJECT_VERSION = 1;
				DEVELOPMENT_TEAM = KNQWN32P6C;
				GENERATE_INFOPLIST_FILE = YES;
				INFOPLIST_FILE = Eyes/Info.plist;
				INFOPLIST_KEY_UIApplicationSupportsIndirectInputEvents = YES;
				INFOPLIST_KEY_UILaunchStoryboardName = LaunchScreen;
				INFOPLIST_KEY_UIMainStoryboardFile = Main;
				INFOPLIST_KEY_UISupportedInterfaceOrientations_iPad = "UIInterfaceOrientationPortrait UIInterfaceOrientationPortraitUpsideDown UIInterfaceOrientationLandscapeLeft UIInterfaceOrientationLandscapeRight";
				INFOPLIST_KEY_UISupportedInterfaceOrientations_iPhone = "UIInterfaceOrientationPortrait UIInterfaceOrientationLandscapeLeft UIInterfaceOrientationLandscapeRight";
				LD_RUNPATH_SEARCH_PATHS = (
					"$(inherited)",
					"@executable_path/Frameworks",
				);
				MARKETING_VERSION = 1.0;
				PRODUCT_BUNDLE_IDENTIFIER = An.Eyes;
				PRODUCT_NAME = "$(TARGET_NAME)";
				SWIFT_EMIT_LOC_STRINGS = YES;
				SWIFT_VERSION = 5.0;
				TARGETED_DEVICE_FAMILY = "1,2";
			};
			name = Release;
		};
		E98B8AFA2B33332C00EC4FFB /* Debug */ = {
			isa = XCBuildConfiguration;
			buildSettings = {
				ALWAYS_EMBED_SWIFT_STANDARD_LIBRARIES = YES;
				BUNDLE_LOADER = "$(TEST_HOST)";
				CODE_SIGN_STYLE = Automatic;
				CURRENT_PROJECT_VERSION = 1;
				DEVELOPMENT_TEAM = KNQWN32P6C;
				GENERATE_INFOPLIST_FILE = YES;
				IPHONEOS_DEPLOYMENT_TARGET = 17.0;
				MARKETING_VERSION = 1.0;
				PRODUCT_BUNDLE_IDENTIFIER = An.EyesTests;
				PRODUCT_NAME = "$(TARGET_NAME)";
				SWIFT_EMIT_LOC_STRINGS = NO;
				SWIFT_VERSION = 5.0;
				TARGETED_DEVICE_FAMILY = "1,2";
				TEST_HOST = "$(BUILT_PRODUCTS_DIR)/Eyes.app/$(BUNDLE_EXECUTABLE_FOLDER_PATH)/Eyes";
			};
			name = Debug;
		};
		E98B8AFB2B33332C00EC4FFB /* Release */ = {
			isa = XCBuildConfiguration;
			buildSettings = {
				ALWAYS_EMBED_SWIFT_STANDARD_LIBRARIES = YES;
				BUNDLE_LOADER = "$(TEST_HOST)";
				CODE_SIGN_STYLE = Automatic;
				CURRENT_PROJECT_VERSION = 1;
				DEVELOPMENT_TEAM = KNQWN32P6C;
				GENERATE_INFOPLIST_FILE = YES;
				IPHONEOS_DEPLOYMENT_TARGET = 17.0;
				MARKETING_VERSION = 1.0;
				PRODUCT_BUNDLE_IDENTIFIER = An.EyesTests;
				PRODUCT_NAME = "$(TARGET_NAME)";
				SWIFT_EMIT_LOC_STRINGS = NO;
				SWIFT_VERSION = 5.0;
				TARGETED_DEVICE_FAMILY = "1,2";
				TEST_HOST = "$(BUILT_PRODUCTS_DIR)/Eyes.app/$(BUNDLE_EXECUTABLE_FOLDER_PATH)/Eyes";
			};
			name = Release;
		};
		E98B8AFD2B33332C00EC4FFB /* Debug */ = {
			isa = XCBuildConfiguration;
			buildSettings = {
				ALWAYS_EMBED_SWIFT_STANDARD_LIBRARIES = YES;
				CODE_SIGN_STYLE = Automatic;
				CURRENT_PROJECT_VERSION = 1;
				DEVELOPMENT_TEAM = KNQWN32P6C;
				GENERATE_INFOPLIST_FILE = YES;
				MARKETING_VERSION = 1.0;
				PRODUCT_BUNDLE_IDENTIFIER = An.EyesUITests;
				PRODUCT_NAME = "$(TARGET_NAME)";
				SWIFT_EMIT_LOC_STRINGS = NO;
				SWIFT_VERSION = 5.0;
				TARGETED_DEVICE_FAMILY = "1,2";
				TEST_TARGET_NAME = Eyes;
			};
			name = Debug;
		};
		E98B8AFE2B33332C00EC4FFB /* Release */ = {
			isa = XCBuildConfiguration;
			buildSettings = {
				ALWAYS_EMBED_SWIFT_STANDARD_LIBRARIES = YES;
				CODE_SIGN_STYLE = Automatic;
				CURRENT_PROJECT_VERSION = 1;
				DEVELOPMENT_TEAM = KNQWN32P6C;
				GENERATE_INFOPLIST_FILE = YES;
				MARKETING_VERSION = 1.0;
				PRODUCT_BUNDLE_IDENTIFIER = An.EyesUITests;
				PRODUCT_NAME = "$(TARGET_NAME)";
				SWIFT_EMIT_LOC_STRINGS = NO;
				SWIFT_VERSION = 5.0;
				TARGETED_DEVICE_FAMILY = "1,2";
				TEST_TARGET_NAME = Eyes;
			};
			name = Release;
		};
/* End XCBuildConfiguration section */

/* Begin XCConfigurationList section */
		E98B8AC72B33332900EC4FFB /* Build configuration list for PBXProject "Eyes" */ = {
			isa = XCConfigurationList;
			buildConfigurations = (
				E98B8AF42B33332C00EC4FFB /* Debug */,
				E98B8AF52B33332C00EC4FFB /* Release */,
			);
			defaultConfigurationIsVisible = 0;
			defaultConfigurationName = Release;
		};
		E98B8AF62B33332C00EC4FFB /* Build configuration list for PBXNativeTarget "Eyes" */ = {
			isa = XCConfigurationList;
			buildConfigurations = (
				E98B8AF72B33332C00EC4FFB /* Debug */,
				E98B8AF82B33332C00EC4FFB /* Release */,
			);
			defaultConfigurationIsVisible = 0;
			defaultConfigurationName = Release;
		};
		E98B8AF92B33332C00EC4FFB /* Build configuration list for PBXNativeTarget "EyesTests" */ = {
			isa = XCConfigurationList;
			buildConfigurations = (
				E98B8AFA2B33332C00EC4FFB /* Debug */,
				E98B8AFB2B33332C00EC4FFB /* Release */,
			);
			defaultConfigurationIsVisible = 0;
			defaultConfigurationName = Release;
		};
		E98B8AFC2B33332C00EC4FFB /* Build configuration list for PBXNativeTarget "EyesUITests" */ = {
			isa = XCConfigurationList;
			buildConfigurations = (
				E98B8AFD2B33332C00EC4FFB /* Debug */,
				E98B8AFE2B33332C00EC4FFB /* Release */,
			);
			defaultConfigurationIsVisible = 0;
			defaultConfigurationName = Release;
		};
/* End XCConfigurationList section */
	};
	rootObject = E98B8AC42B33332900EC4FFB /* Project object */;
}
